
Microsoft Visual Studio Solution File, Format Version 12.00
# Visual Studio Version 17
VisualStudioVersion = 17.12.35514.174
MinimumVisualStudioVersion = 10.0.40219.1
Project("{54A90642-561A-4BB1-A94E-469ADEE60C69}") = "HelloWord", "AngularProject\HelloWord.esproj", "{C080A9B8-9507-4BF8-8EFB-2E07D25B9B4A}"
EndProject
Project("{54A90642-561A-4BB1-A94E-469ADEE60C69}") = "Calculadora", "Calculardora\Calculadora.esproj", "{F13A76F1-E00F-490C-B433-120B8C03096F}"
EndProject
Project("{54A90642-561A-4BB1-A94E-469ADEE60C69}") = "GerenciadorTarefas", "GerenciadorTarefas\GerenciadorTarefas.esproj", "{29DCB57B-B7DE-4C15-A4CE-5B6AD50EA0EF}"
EndProject
Project("{54A90642-561A-4BB1-A94E-469ADEE60C69}") = "Jogo-da-velha", "Jogo-da-velha\Jogo-da-velha.esproj", "{19B536B8-CC05-4925-B309-75EDC4054ABA}"
EndProject
Project("{54A90642-561A-4BB1-A94E-469ADEE60C69}") = "Conversor-de-moedas", "conversor-de-moedas\Conversor-de-moedas.esproj", "{70999E6E-9999-445E-B776-8031161C6977}"
EndProject
Project("{54A90642-561A-4BB1-A94E-469ADEE60C69}") = "Dashboard", "Dashboard\Dashboard.esproj", "{2CC692D4-B6C9-4F5E-B9F8-4AE878E21C7A}"
EndProject
Project("{54A90642-561A-4BB1-A94E-469ADEE60C69}") = "Projeto-Final", "Projeto-Final\Projeto-Final.esproj", "{B618C5DD-47F5-48AC-957E-5D8B63E8BF9D}"
EndProject
Global
	GlobalSection(SolutionConfigurationPlatforms) = preSolution
		Debug|Any CPU = Debug|Any CPU
		Release|Any CPU = Release|Any CPU
	EndGlobalSection
	GlobalSection(ProjectConfigurationPlatforms) = postSolution
		{C080A9B8-9507-4BF8-8EFB-2E07D25B9B4A}.Debug|Any CPU.ActiveCfg = Debug|Any CPU
		{C080A9B8-9507-4BF8-8EFB-2E07D25B9B4A}.Debug|Any CPU.Build.0 = Debug|Any CPU
		{C080A9B8-9507-4BF8-8EFB-2E07D25B9B4A}.Debug|Any CPU.Deploy.0 = Debug|Any CPU
		{C080A9B8-9507-4BF8-8EFB-2E07D25B9B4A}.Release|Any CPU.ActiveCfg = Release|Any CPU
		{C080A9B8-9507-4BF8-8EFB-2E07D25B9B4A}.Release|Any CPU.Build.0 = Release|Any CPU
		{C080A9B8-9507-4BF8-8EFB-2E07D25B9B4A}.Release|Any CPU.Deploy.0 = Release|Any CPU
		{F13A76F1-E00F-490C-B433-120B8C03096F}.Debug|Any CPU.ActiveCfg = Debug|Any CPU
		{F13A76F1-E00F-490C-B433-120B8C03096F}.Debug|Any CPU.Build.0 = Debug|Any CPU
		{F13A76F1-E00F-490C-B433-120B8C03096F}.Debug|Any CPU.Deploy.0 = Debug|Any CPU
		{F13A76F1-E00F-490C-B433-120B8C03096F}.Release|Any CPU.ActiveCfg = Release|Any CPU
		{F13A76F1-E00F-490C-B433-120B8C03096F}.Release|Any CPU.Build.0 = Release|Any CPU
		{F13A76F1-E00F-490C-B433-120B8C03096F}.Release|Any CPU.Deploy.0 = Release|Any CPU
		{29DCB57B-B7DE-4C15-A4CE-5B6AD50EA0EF}.Debug|Any CPU.ActiveCfg = Debug|Any CPU
		{29DCB57B-B7DE-4C15-A4CE-5B6AD50EA0EF}.Debug|Any CPU.Build.0 = Debug|Any CPU
		{29DCB57B-B7DE-4C15-A4CE-5B6AD50EA0EF}.Debug|Any CPU.Deploy.0 = Debug|Any CPU
		{29DCB57B-B7DE-4C15-A4CE-5B6AD50EA0EF}.Release|Any CPU.ActiveCfg = Release|Any CPU
		{29DCB57B-B7DE-4C15-A4CE-5B6AD50EA0EF}.Release|Any CPU.Build.0 = Release|Any CPU
		{29DCB57B-B7DE-4C15-A4CE-5B6AD50EA0EF}.Release|Any CPU.Deploy.0 = Release|Any CPU
		{19B536B8-CC05-4925-B309-75EDC4054ABA}.Debug|Any CPU.ActiveCfg = Debug|Any CPU
		{19B536B8-CC05-4925-B309-75EDC4054ABA}.Debug|Any CPU.Build.0 = Debug|Any CPU
		{19B536B8-CC05-4925-B309-75EDC4054ABA}.Debug|Any CPU.Deploy.0 = Debug|Any CPU
		{19B536B8-CC05-4925-B309-75EDC4054ABA}.Release|Any CPU.ActiveCfg = Release|Any CPU
		{19B536B8-CC05-4925-B309-75EDC4054ABA}.Release|Any CPU.Build.0 = Release|Any CPU
		{19B536B8-CC05-4925-B309-75EDC4054ABA}.Release|Any CPU.Deploy.0 = Release|Any CPU
		{70999E6E-9999-445E-B776-8031161C6977}.Debug|Any CPU.ActiveCfg = Debug|Any CPU
		{70999E6E-9999-445E-B776-8031161C6977}.Debug|Any CPU.Build.0 = Debug|Any CPU
		{70999E6E-9999-445E-B776-8031161C6977}.Debug|Any CPU.Deploy.0 = Debug|Any CPU
		{70999E6E-9999-445E-B776-8031161C6977}.Release|Any CPU.ActiveCfg = Release|Any CPU
		{70999E6E-9999-445E-B776-8031161C6977}.Release|Any CPU.Build.0 = Release|Any CPU
		{70999E6E-9999-445E-B776-8031161C6977}.Release|Any CPU.Deploy.0 = Release|Any CPU
		{2CC692D4-B6C9-4F5E-B9F8-4AE878E21C7A}.Debug|Any CPU.ActiveCfg = Debug|Any CPU
		{2CC692D4-B6C9-4F5E-B9F8-4AE878E21C7A}.Debug|Any CPU.Build.0 = Debug|Any CPU
		{2CC692D4-B6C9-4F5E-B9F8-4AE878E21C7A}.Debug|Any CPU.Deploy.0 = Debug|Any CPU
		{2CC692D4-B6C9-4F5E-B9F8-4AE878E21C7A}.Release|Any CPU.ActiveCfg = Release|Any CPU
		{2CC692D4-B6C9-4F5E-B9F8-4AE878E21C7A}.Release|Any CPU.Build.0 = Release|Any CPU
		{2CC692D4-B6C9-4F5E-B9F8-4AE878E21C7A}.Release|Any CPU.Deploy.0 = Release|Any CPU
		{B618C5DD-47F5-48AC-957E-5D8B63E8BF9D}.Debug|Any CPU.ActiveCfg = Debug|Any CPU
		{B618C5DD-47F5-48AC-957E-5D8B63E8BF9D}.Debug|Any CPU.Build.0 = Debug|Any CPU
		{B618C5DD-47F5-48AC-957E-5D8B63E8BF9D}.Debug|Any CPU.Deploy.0 = Debug|Any CPU
		{B618C5DD-47F5-48AC-957E-5D8B63E8BF9D}.Release|Any CPU.ActiveCfg = Release|Any CPU
		{B618C5DD-47F5-48AC-957E-5D8B63E8BF9D}.Release|Any CPU.Build.0 = Release|Any CPU
		{B618C5DD-47F5-48AC-957E-5D8B63E8BF9D}.Release|Any CPU.Deploy.0 = Release|Any CPU
	EndGlobalSection
	GlobalSection(SolutionProperties) = preSolution
		HideSolutionNode = FALSE
	EndGlobalSection
EndGlobal
